
Microsoft Visual Studio Solution File, Format Version 12.00
# Visual Studio 15
VisualStudioVersion = 15.0.27703.2018
MinimumVisualStudioVersion = 10.0.40219.1
Project("{FAE04EC0-301F-11D3-BF4B-00C04F79EFBC}") = "WebApplication", "WebApplication\WebApplication.csproj", "{F26A0BAA-6D0D-459A-8F9D-3B4EEAB2A908}"
	ProjectSection(ProjectDependencies) = postProject
		{8D4DA255-6353-4C90-BA12-B0D7F2C43175} = {8D4DA255-6353-4C90-BA12-B0D7F2C43175}
	EndProjectSection
EndProject
Project("{FAE04EC0-301F-11D3-BF4B-00C04F79EFBC}") = "RazorViews", "RazorViews\RazorViews.csproj", "{FAC4CE56-0964-4B77-A8AF-59C7EC2104AB}"
EndProject
Project("{FAE04EC0-301F-11D3-BF4B-00C04F79EFBC}") = "Platform", "Platform\Platform.csproj", "{B5D9713F-9D8C-404D-9D72-D7F8B4318EFB}"
EndProject
Global
	GlobalSection(SolutionConfigurationPlatforms) = preSolution
		Debug|Any CPU = Debug|Any CPU
		Release|Any CPU = Release|Any CPU
	EndGlobalSection
	GlobalSection(ProjectConfigurationPlatforms) = postSolution
		{F26A0BAA-6D0D-459A-8F9D-3B4EEAB2A908}.Debug|Any CPU.ActiveCfg = Debug|Any CPU
		{F26A0BAA-6D0D-459A-8F9D-3B4EEAB2A908}.Debug|Any CPU.Build.0 = Debug|Any CPU
		{F26A0BAA-6D0D-459A-8F9D-3B4EEAB2A908}.Release|Any CPU.ActiveCfg = Release|Any CPU
		{F26A0BAA-6D0D-459A-8F9D-3B4EEAB2A908}.Release|Any CPU.Build.0 = Release|Any CPU
		{FAC4CE56-0964-4B77-A8AF-59C7EC2104AB}.Debug|Any CPU.ActiveCfg = Debug|Any CPU
		{FAC4CE56-0964-4B77-A8AF-59C7EC2104AB}.Debug|Any CPU.Build.0 = Debug|Any CPU
		{FAC4CE56-0964-4B77-A8AF-59C7EC2104AB}.Release|Any CPU.ActiveCfg = Release|Any CPU
		{FAC4CE56-0964-4B77-A8AF-59C7EC2104AB}.Release|Any CPU.Build.0 = Release|Any CPU
		{B5D9713F-9D8C-404D-9D72-D7F8B4318EFB}.Debug|Any CPU.ActiveCfg = Debug|Any CPU
		{B5D9713F-9D8C-404D-9D72-D7F8B4318EFB}.Debug|Any CPU.Build.0 = Debug|Any CPU
		{B5D9713F-9D8C-404D-9D72-D7F8B4318EFB}.Release|Any CPU.ActiveCfg = Release|Any CPU
		{B5D9713F-9D8C-404D-9D72-D7F8B4318EFB}.Release|Any CPU.Build.0 = Release|Any CPU
	EndGlobalSection
	GlobalSection(SolutionProperties) = preSolution
		HideSolutionNode = FALSE
	EndGlobalSection
	GlobalSection(ExtensibilityGlobals) = postSolution
		SolutionGuid = {1A40CAAE-5930-4E55-9E52-CE15EB1FD4D4}
	EndGlobalSection
EndGlobal
